
Microsoft Visual Studio Solution File, Format Version 12.00
# Visual Studio Version 17
VisualStudioVersion = 17.13.35913.81 d17.13
MinimumVisualStudioVersion = 10.0.40219.1
Project("{FAE04EC0-301F-11D3-BF4B-00C04F79EFBC}") = "FinalProject", "FinalProject\FinalProject.csproj", "{FDBF092D-D96F-4C5F-B716-0F6A9DD44521}"
EndProject
Global
	GlobalSection(SolutionConfigurationPlatforms) = preSolution
		Debug|Any CPU = Debug|Any CPU
		Release|Any CPU = Release|Any CPU
	EndGlobalSection
	GlobalSection(ProjectConfigurationPlatforms) = postSolution
		{FDBF092D-D96F-4C5F-B716-0F6A9DD44521}.Debug|Any CPU.ActiveCfg = Debug|Any CPU
		{FDBF092D-D96F-4C5F-B716-0F6A9DD44521}.Debug|Any CPU.Build.0 = Debug|Any CPU
		{FDBF092D-D96F-4C5F-B716-0F6A9DD44521}.Release|Any CPU.ActiveCfg = Release|Any CPU
		{FDBF092D-D96F-4C5F-B716-0F6A9DD44521}.Release|Any CPU.Build.0 = Release|Any CPU
	EndGlobalSection
	GlobalSection(SolutionProperties) = preSolution
		HideSolutionNode = FALSE
	EndGlobalSection
	GlobalSection(ExtensibilityGlobals) = postSolution
		SolutionGuid = {33CCCF09-2C85-434B-8BCD-64CDBC8AC83C}
	EndGlobalSection
EndGlobal
